// !$*UTF8*$!
{
	archiveVersion = 1;
	classes = {
	};
	objectVersion = 46;
	objects = {

/* Begin PBXBuildFile section */
		8E94AA383C2E8DE6A299669F /* Pods_SocialMediaUITests.framework in Frameworks */ = {isa = PBXBuildFile; fileRef = C65B2A88A52022A4CEB3AE23 /* Pods_SocialMediaUITests.framework */; };
		CF03BB8B1E7892A600384D0C /* CircleView.swift in Sources */ = {isa = PBXBuildFile; fileRef = CF03BB8A1E7892A600384D0C /* CircleView.swift */; };
		CF08D23D1E7A0B1D00075FE6 /* DataService.swift in Sources */ = {isa = PBXBuildFile; fileRef = CF08D23C1E7A0B1D00075FE6 /* DataService.swift */; };
		CF0C25AE1E795EE200607BAA /* CircleBtn.swift in Sources */ = {isa = PBXBuildFile; fileRef = CF0C25AD1E795EE200607BAA /* CircleBtn.swift */; };
		CF0C25B01E79623000607BAA /* PostCell.swift in Sources */ = {isa = PBXBuildFile; fileRef = CF0C25AF1E79623000607BAA /* PostCell.swift */; };
		CF1192D51E7B42AF000181F8 /* Post.swift in Sources */ = {isa = PBXBuildFile; fileRef = CF1192D41E7B42AF000181F8 /* Post.swift */; };
		CF19D0FF1E75C9BD00003FB2 /* FancyView.swift in Sources */ = {isa = PBXBuildFile; fileRef = CF19D0FE1E75C9BD00003FB2 /* FancyView.swift */; };
		CF19D1021E75CA5400003FB2 /* Constants.swift in Sources */ = {isa = PBXBuildFile; fileRef = CF19D1011E75CA5400003FB2 /* Constants.swift */; };
		CF19D1041E75CD0800003FB2 /* RoundButton.swift in Sources */ = {isa = PBXBuildFile; fileRef = CF19D1031E75CD0700003FB2 /* RoundButton.swift */; };
		CF19D1061E75D26900003FB2 /* FancyField.swift in Sources */ = {isa = PBXBuildFile; fileRef = CF19D1051E75D26900003FB2 /* FancyField.swift */; };
		CF19D1081E75D39800003FB2 /* FancyButton.swift in Sources */ = {isa = PBXBuildFile; fileRef = CF19D1071E75D39800003FB2 /* FancyButton.swift */; };
		CF2F1F061E780278006EE222 /* FeedVC.swift in Sources */ = {isa = PBXBuildFile; fileRef = CF2F1F051E780278006EE222 /* FeedVC.swift */; };
		CF41497B1E7F0B04005CC7DB /* Main.storyboard in Resources */ = {isa = PBXBuildFile; fileRef = CF4149791E7F0B04005CC7DB /* Main.storyboard */; };
		CF41E57A1E7432DA0045CEB6 /* AppDelegate.swift in Sources */ = {isa = PBXBuildFile; fileRef = CF41E5791E7432DA0045CEB6 /* AppDelegate.swift */; };
		CF41E57C1E7432DB0045CEB6 /* SignInVC.swift in Sources */ = {isa = PBXBuildFile; fileRef = CF41E57B1E7432DB0045CEB6 /* SignInVC.swift */; };
		CF41E5811E7432DB0045CEB6 /* Assets.xcassets in Resources */ = {isa = PBXBuildFile; fileRef = CF41E5801E7432DB0045CEB6 /* Assets.xcassets */; };
		CF41E5841E7432DB0045CEB6 /* LaunchScreen.storyboard in Resources */ = {isa = PBXBuildFile; fileRef = CF41E5821E7432DB0045CEB6 /* LaunchScreen.storyboard */; };
		CF41E58F1E7432DC0045CEB6 /* SocialMediaTests.swift in Sources */ = {isa = PBXBuildFile; fileRef = CF41E58E1E7432DC0045CEB6 /* SocialMediaTests.swift */; };
		CF41E59A1E7432DC0045CEB6 /* SocialMediaUITests.swift in Sources */ = {isa = PBXBuildFile; fileRef = CF41E5991E7432DC0045CEB6 /* SocialMediaUITests.swift */; };
		CF41E5A81E7432E70045CEB6 /* GoogleService-Info.plist in Resources */ = {isa = PBXBuildFile; fileRef = CF41E5A71E7432E70045CEB6 /* GoogleService-Info.plist */; };
		CFCA3FF91E82EE9600EB0CBD /* usernameVC.swift in Sources */ = {isa = PBXBuildFile; fileRef = CFCA3FF81E82EE9600EB0CBD /* usernameVC.swift */; };
		CFCA3FFB1E82FC7600EB0CBD /* Classes.swift in Sources */ = {isa = PBXBuildFile; fileRef = CFCA3FFA1E82FC7600EB0CBD /* Classes.swift */; };
		D2190D6FCD9CF7880A0A4E56 /* Pods_SocialMediaTests.framework in Frameworks */ = {isa = PBXBuildFile; fileRef = 73D4324BE081DE5D7E326D1A /* Pods_SocialMediaTests.framework */; };
		E105E6E484BC6450B7929BFA /* Pods_SocialMedia.framework in Frameworks */ = {isa = PBXBuildFile; fileRef = 6D25B00C9E388684729482C7 /* Pods_SocialMedia.framework */; };
/* End PBXBuildFile section */

/* Begin PBXContainerItemProxy section */
		CF41E58B1E7432DC0045CEB6 /* PBXContainerItemProxy */ = {
			isa = PBXContainerItemProxy;
			containerPortal = CF41E56E1E7432D90045CEB6 /* Project object */;
			proxyType = 1;
			remoteGlobalIDString = CF41E5751E7432D90045CEB6;
			remoteInfo = SocialMedia;
		};
		CF41E5961E7432DC0045CEB6 /* PBXContainerItemProxy */ = {
			isa = PBXContainerItemProxy;
			containerPortal = CF41E56E1E7432D90045CEB6 /* Project object */;
			proxyType = 1;
			remoteGlobalIDString = CF41E5751E7432D90045CEB6;
			remoteInfo = SocialMedia;
		};
/* End PBXContainerItemProxy section */

/* Begin PBXFileReference section */
		1C4B96F6E1039FA29E2B455E /* Pods-SocialMediaTests.debug.xcconfig */ = {isa = PBXFileReference; includeInIndex = 1; lastKnownFileType = text.xcconfig; name = "Pods-SocialMediaTests.debug.xcconfig"; path = "Pods/Target Support Files/Pods-SocialMediaTests/Pods-SocialMediaTests.debug.xcconfig"; sourceTree = "<group>"; };
		2BD3652D82A295B64C460A89 /* Pods-SocialMediaTests.release.xcconfig */ = {isa = PBXFileReference; includeInIndex = 1; lastKnownFileType = text.xcconfig; name = "Pods-SocialMediaTests.release.xcconfig"; path = "Pods/Target Support Files/Pods-SocialMediaTests/Pods-SocialMediaTests.release.xcconfig"; sourceTree = "<group>"; };
		34219F5A85DE8589D87F2943 /* Pods-SocialMedia.debug.xcconfig */ = {isa = PBXFileReference; includeInIndex = 1; lastKnownFileType = text.xcconfig; name = "Pods-SocialMedia.debug.xcconfig"; path = "Pods/Target Support Files/Pods-SocialMedia/Pods-SocialMedia.debug.xcconfig"; sourceTree = "<group>"; };
		6D25B00C9E388684729482C7 /* Pods_SocialMedia.framework */ = {isa = PBXFileReference; explicitFileType = wrapper.framework; includeInIndex = 0; path = Pods_SocialMedia.framework; sourceTree = BUILT_PRODUCTS_DIR; };
		73D4324BE081DE5D7E326D1A /* Pods_SocialMediaTests.framework */ = {isa = PBXFileReference; explicitFileType = wrapper.framework; includeInIndex = 0; path = Pods_SocialMediaTests.framework; sourceTree = BUILT_PRODUCTS_DIR; };
		798F3CCA9E011762D6D9FEBD /* Pods-SocialMedia.release.xcconfig */ = {isa = PBXFileReference; includeInIndex = 1; lastKnownFileType = text.xcconfig; name = "Pods-SocialMedia.release.xcconfig"; path = "Pods/Target Support Files/Pods-SocialMedia/Pods-SocialMedia.release.xcconfig"; sourceTree = "<group>"; };
		9984F434008454294212575D /* Pods-SocialMediaUITests.release.xcconfig */ = {isa = PBXFileReference; includeInIndex = 1; lastKnownFileType = text.xcconfig; name = "Pods-SocialMediaUITests.release.xcconfig"; path = "Pods/Target Support Files/Pods-SocialMediaUITests/Pods-SocialMediaUITests.release.xcconfig"; sourceTree = "<group>"; };
		C65B2A88A52022A4CEB3AE23 /* Pods_SocialMediaUITests.framework */ = {isa = PBXFileReference; explicitFileType = wrapper.framework; includeInIndex = 0; path = Pods_SocialMediaUITests.framework; sourceTree = BUILT_PRODUCTS_DIR; };
		CF03BB8A1E7892A600384D0C /* CircleView.swift */ = {isa = PBXFileReference; fileEncoding = 4; lastKnownFileType = sourcecode.swift; path = CircleView.swift; sourceTree = "<group>"; };
		CF08D23C1E7A0B1D00075FE6 /* DataService.swift */ = {isa = PBXFileReference; fileEncoding = 4; lastKnownFileType = sourcecode.swift; path = DataService.swift; sourceTree = "<group>"; };
		CF0C25AD1E795EE200607BAA /* CircleBtn.swift */ = {isa = PBXFileReference; fileEncoding = 4; lastKnownFileType = sourcecode.swift; path = CircleBtn.swift; sourceTree = "<group>"; };
		CF0C25AF1E79623000607BAA /* PostCell.swift */ = {isa = PBXFileReference; fileEncoding = 4; lastKnownFileType = sourcecode.swift; path = PostCell.swift; sourceTree = "<group>"; };
		CF1192D41E7B42AF000181F8 /* Post.swift */ = {isa = PBXFileReference; fileEncoding = 4; lastKnownFileType = sourcecode.swift; path = Post.swift; sourceTree = "<group>"; };
		CF19D0FE1E75C9BD00003FB2 /* FancyView.swift */ = {isa = PBXFileReference; fileEncoding = 4; lastKnownFileType = sourcecode.swift; path = FancyView.swift; sourceTree = "<group>"; };
		CF19D1011E75CA5400003FB2 /* Constants.swift */ = {isa = PBXFileReference; fileEncoding = 4; lastKnownFileType = sourcecode.swift; path = Constants.swift; sourceTree = "<group>"; };
		CF19D1031E75CD0700003FB2 /* RoundButton.swift */ = {isa = PBXFileReference; fileEncoding = 4; lastKnownFileType = sourcecode.swift; path = RoundButton.swift; sourceTree = "<group>"; };
		CF19D1051E75D26900003FB2 /* FancyField.swift */ = {isa = PBXFileReference; fileEncoding = 4; lastKnownFileType = sourcecode.swift; path = FancyField.swift; sourceTree = "<group>"; };
		CF19D1071E75D39800003FB2 /* FancyButton.swift */ = {isa = PBXFileReference; fileEncoding = 4; lastKnownFileType = sourcecode.swift; path = FancyButton.swift; sourceTree = "<group>"; };
		CF19D10C1E76256300003FB2 /* SocialMedia.entitlements */ = {isa = PBXFileReference; lastKnownFileType = text.plist.entitlements; path = SocialMedia.entitlements; sourceTree = "<group>"; };
		CF2F1F051E780278006EE222 /* FeedVC.swift */ = {isa = PBXFileReference; fileEncoding = 4; lastKnownFileType = sourcecode.swift; path = FeedVC.swift; sourceTree = "<group>"; wrapsLines = 0; };
		CF41497A1E7F0B04005CC7DB /* Base */ = {isa = PBXFileReference; lastKnownFileType = file.storyboard; name = Base; path = Base.lproj/Main.storyboard; sourceTree = "<group>"; };
		CF41E5761E7432DA0045CEB6 /* SocialMedia.app */ = {isa = PBXFileReference; explicitFileType = wrapper.application; includeInIndex = 0; path = SocialMedia.app; sourceTree = BUILT_PRODUCTS_DIR; };
		CF41E5791E7432DA0045CEB6 /* AppDelegate.swift */ = {isa = PBXFileReference; lastKnownFileType = sourcecode.swift; path = AppDelegate.swift; sourceTree = "<group>"; };
		CF41E57B1E7432DB0045CEB6 /* SignInVC.swift */ = {isa = PBXFileReference; lastKnownFileType = sourcecode.swift; path = SignInVC.swift; sourceTree = "<group>"; };
		CF41E5801E7432DB0045CEB6 /* Assets.xcassets */ = {isa = PBXFileReference; lastKnownFileType = folder.assetcatalog; path = Assets.xcassets; sourceTree = "<group>"; };
		CF41E5831E7432DB0045CEB6 /* Base */ = {isa = PBXFileReference; lastKnownFileType = file.storyboard; name = Base; path = Base.lproj/LaunchScreen.storyboard; sourceTree = "<group>"; };
		CF41E5851E7432DB0045CEB6 /* Info.plist */ = {isa = PBXFileReference; lastKnownFileType = text.plist.xml; path = Info.plist; sourceTree = "<group>"; };
		CF41E58A1E7432DC0045CEB6 /* SocialMediaTests.xctest */ = {isa = PBXFileReference; explicitFileType = wrapper.cfbundle; includeInIndex = 0; path = SocialMediaTests.xctest; sourceTree = BUILT_PRODUCTS_DIR; };
		CF41E58E1E7432DC0045CEB6 /* SocialMediaTests.swift */ = {isa = PBXFileReference; lastKnownFileType = sourcecode.swift; path = SocialMediaTests.swift; sourceTree = "<group>"; };
		CF41E5901E7432DC0045CEB6 /* Info.plist */ = {isa = PBXFileReference; lastKnownFileType = text.plist.xml; path = Info.plist; sourceTree = "<group>"; };
		CF41E5951E7432DC0045CEB6 /* SocialMediaUITests.xctest */ = {isa = PBXFileReference; explicitFileType = wrapper.cfbundle; includeInIndex = 0; path = SocialMediaUITests.xctest; sourceTree = BUILT_PRODUCTS_DIR; };
		CF41E5991E7432DC0045CEB6 /* SocialMediaUITests.swift */ = {isa = PBXFileReference; lastKnownFileType = sourcecode.swift; path = SocialMediaUITests.swift; sourceTree = "<group>"; };
		CF41E59B1E7432DC0045CEB6 /* Info.plist */ = {isa = PBXFileReference; lastKnownFileType = text.plist.xml; path = Info.plist; sourceTree = "<group>"; };
		CF41E5A71E7432E70045CEB6 /* GoogleService-Info.plist */ = {isa = PBXFileReference; fileEncoding = 4; lastKnownFileType = text.plist.xml; name = "GoogleService-Info.plist"; path = "../../../Downloads/GoogleService-Info.plist"; sourceTree = "<group>"; };
		CFCA3FF81E82EE9600EB0CBD /* usernameVC.swift */ = {isa = PBXFileReference; fileEncoding = 4; lastKnownFileType = sourcecode.swift; path = usernameVC.swift; sourceTree = "<group>"; };
		CFCA3FFA1E82FC7600EB0CBD /* Classes.swift */ = {isa = PBXFileReference; fileEncoding = 4; lastKnownFileType = sourcecode.swift; path = Classes.swift; sourceTree = "<group>"; };
		F00F62964E19E49AA9885E13 /* Pods-SocialMediaUITests.debug.xcconfig */ = {isa = PBXFileReference; includeInIndex = 1; lastKnownFileType = text.xcconfig; name = "Pods-SocialMediaUITests.debug.xcconfig"; path = "Pods/Target Support Files/Pods-SocialMediaUITests/Pods-SocialMediaUITests.debug.xcconfig"; sourceTree = "<group>"; };
/* End PBXFileReference section */

/* Begin PBXFrameworksBuildPhase section */
		CF41E5731E7432D90045CEB6 /* Frameworks */ = {
			isa = PBXFrameworksBuildPhase;
			buildActionMask = 2147483647;
			files = (
				E105E6E484BC6450B7929BFA /* Pods_SocialMedia.framework in Frameworks */,
			);
			runOnlyForDeploymentPostprocessing = 0;
		};
		CF41E5871E7432DC0045CEB6 /* Frameworks */ = {
			isa = PBXFrameworksBuildPhase;
			buildActionMask = 2147483647;
			files = (
				D2190D6FCD9CF7880A0A4E56 /* Pods_SocialMediaTests.framework in Frameworks */,
			);
			runOnlyForDeploymentPostprocessing = 0;
		};
		CF41E5921E7432DC0045CEB6 /* Frameworks */ = {
			isa = PBXFrameworksBuildPhase;
			buildActionMask = 2147483647;
			files = (
				8E94AA383C2E8DE6A299669F /* Pods_SocialMediaUITests.framework in Frameworks */,
			);
			runOnlyForDeploymentPostprocessing = 0;
		};
/* End PBXFrameworksBuildPhase section */

/* Begin PBXGroup section */
		0657DD44EB1E10EBE60FC7FB /* Pods */ = {
			isa = PBXGroup;
			children = (
				34219F5A85DE8589D87F2943 /* Pods-SocialMedia.debug.xcconfig */,
				798F3CCA9E011762D6D9FEBD /* Pods-SocialMedia.release.xcconfig */,
				1C4B96F6E1039FA29E2B455E /* Pods-SocialMediaTests.debug.xcconfig */,
				2BD3652D82A295B64C460A89 /* Pods-SocialMediaTests.release.xcconfig */,
				F00F62964E19E49AA9885E13 /* Pods-SocialMediaUITests.debug.xcconfig */,
				9984F434008454294212575D /* Pods-SocialMediaUITests.release.xcconfig */,
			);
			name = Pods;
			sourceTree = "<group>";
		};
		5CFBFD2B4A368D6F50C4C587 /* Frameworks */ = {
			isa = PBXGroup;
			children = (
				6D25B00C9E388684729482C7 /* Pods_SocialMedia.framework */,
				73D4324BE081DE5D7E326D1A /* Pods_SocialMediaTests.framework */,
				C65B2A88A52022A4CEB3AE23 /* Pods_SocialMediaUITests.framework */,
			);
			name = Frameworks;
			sourceTree = "<group>";
		};
		CF08D23B1E7A0AFF00075FE6 /* Services */ = {
			isa = PBXGroup;
			children = (
				CF08D23C1E7A0B1D00075FE6 /* DataService.swift */,
			);
			name = Services;
			sourceTree = "<group>";
		};
		CF19D0FB1E75BB6800003FB2 /* Model */ = {
			isa = PBXGroup;
			children = (
				CF1192D41E7B42AF000181F8 /* Post.swift */,
			);
			name = Model;
			sourceTree = "<group>";
		};
		CF19D0FC1E75BB6D00003FB2 /* View */ = {
			isa = PBXGroup;
			children = (
				CF19D0FE1E75C9BD00003FB2 /* FancyView.swift */,
				CF19D1031E75CD0700003FB2 /* RoundButton.swift */,
				CF19D1051E75D26900003FB2 /* FancyField.swift */,
				CF19D1071E75D39800003FB2 /* FancyButton.swift */,
				CF03BB8A1E7892A600384D0C /* CircleView.swift */,
				CF0C25AD1E795EE200607BAA /* CircleBtn.swift */,
				CF0C25AF1E79623000607BAA /* PostCell.swift */,
			);
			name = View;
			sourceTree = "<group>";
		};
		CF19D0FD1E75BB7600003FB2 /* Controller */ = {
			isa = PBXGroup;
			children = (
				CFCA3FF81E82EE9600EB0CBD /* usernameVC.swift */,
				CF41E57B1E7432DB0045CEB6 /* SignInVC.swift */,
				CF2F1F051E780278006EE222 /* FeedVC.swift */,
			);
			name = Controller;
			sourceTree = "<group>";
		};
		CF19D1001E75CA4500003FB2 /* Util */ = {
			isa = PBXGroup;
			children = (
				CF19D1011E75CA5400003FB2 /* Constants.swift */,
				CFCA3FFA1E82FC7600EB0CBD /* Classes.swift */,
			);
			name = Util;
			sourceTree = "<group>";
		};
		CF41E56D1E7432D90045CEB6 = {
			isa = PBXGroup;
			children = (
				CF41E5781E7432DA0045CEB6 /* SocialMedia */,
				CF41E58D1E7432DC0045CEB6 /* SocialMediaTests */,
				CF41E5981E7432DC0045CEB6 /* SocialMediaUITests */,
				CF41E5771E7432DA0045CEB6 /* Products */,
				0657DD44EB1E10EBE60FC7FB /* Pods */,
				5CFBFD2B4A368D6F50C4C587 /* Frameworks */,
			);
			sourceTree = "<group>";
		};
		CF41E5771E7432DA0045CEB6 /* Products */ = {
			isa = PBXGroup;
			children = (
				CF41E5761E7432DA0045CEB6 /* SocialMedia.app */,
				CF41E58A1E7432DC0045CEB6 /* SocialMediaTests.xctest */,
				CF41E5951E7432DC0045CEB6 /* SocialMediaUITests.xctest */,
			);
			name = Products;
			sourceTree = "<group>";
		};
		CF41E5781E7432DA0045CEB6 /* SocialMedia */ = {
			isa = PBXGroup;
			children = (
				CF08D23B1E7A0AFF00075FE6 /* Services */,
				CF19D10C1E76256300003FB2 /* SocialMedia.entitlements */,
				CF19D1001E75CA4500003FB2 /* Util */,
				CF19D0FD1E75BB7600003FB2 /* Controller */,
				CF19D0FC1E75BB6D00003FB2 /* View */,
				CF19D0FB1E75BB6800003FB2 /* Model */,
				CF41E5791E7432DA0045CEB6 /* AppDelegate.swift */,
				CF4149791E7F0B04005CC7DB /* Main.storyboard */,
				CF41E5801E7432DB0045CEB6 /* Assets.xcassets */,
				CF41E5821E7432DB0045CEB6 /* LaunchScreen.storyboard */,
				CF41E5851E7432DB0045CEB6 /* Info.plist */,
				CF41E5A71E7432E70045CEB6 /* GoogleService-Info.plist */,
			);
			path = SocialMedia;
			sourceTree = "<group>";
		};
		CF41E58D1E7432DC0045CEB6 /* SocialMediaTests */ = {
			isa = PBXGroup;
			children = (
				CF41E58E1E7432DC0045CEB6 /* SocialMediaTests.swift */,
				CF41E5901E7432DC0045CEB6 /* Info.plist */,
			);
			path = SocialMediaTests;
			sourceTree = "<group>";
		};
		CF41E5981E7432DC0045CEB6 /* SocialMediaUITests */ = {
			isa = PBXGroup;
			children = (
				CF41E5991E7432DC0045CEB6 /* SocialMediaUITests.swift */,
				CF41E59B1E7432DC0045CEB6 /* Info.plist */,
			);
			path = SocialMediaUITests;
			sourceTree = "<group>";
		};
/* End PBXGroup section */

/* Begin PBXNativeTarget section */
		CF41E5751E7432D90045CEB6 /* SocialMedia */ = {
			isa = PBXNativeTarget;
			buildConfigurationList = CF41E59E1E7432DC0045CEB6 /* Build configuration list for PBXNativeTarget "SocialMedia" */;
			buildPhases = (
				4461B47E1E46D08344E310CB /* [CP] Check Pods Manifest.lock */,
				CF41E5721E7432D90045CEB6 /* Sources */,
				CF41E5731E7432D90045CEB6 /* Frameworks */,
				CF41E5741E7432D90045CEB6 /* Resources */,
				E1A2A6154E891C3CF4D1D31D /* [CP] Embed Pods Frameworks */,
				A0D057DDD9F33995EE5E6B50 /* [CP] Copy Pods Resources */,
			);
			buildRules = (
			);
			dependencies = (
			);
			name = SocialMedia;
			productName = SocialMedia;
			productReference = CF41E5761E7432DA0045CEB6 /* SocialMedia.app */;
			productType = "com.apple.product-type.application";
		};
		CF41E5891E7432DC0045CEB6 /* SocialMediaTests */ = {
			isa = PBXNativeTarget;
			buildConfigurationList = CF41E5A11E7432DC0045CEB6 /* Build configuration list for PBXNativeTarget "SocialMediaTests" */;
			buildPhases = (
				AB19C5DF9DD51AAFA684942B /* [CP] Check Pods Manifest.lock */,
				CF41E5861E7432DC0045CEB6 /* Sources */,
				CF41E5871E7432DC0045CEB6 /* Frameworks */,
				CF41E5881E7432DC0045CEB6 /* Resources */,
				DBBEB487CCD44D1E313EE209 /* [CP] Embed Pods Frameworks */,
				02CFEE364B867C086AE53F8E /* [CP] Copy Pods Resources */,
			);
			buildRules = (
			);
			dependencies = (
				CF41E58C1E7432DC0045CEB6 /* PBXTargetDependency */,
			);
			name = SocialMediaTests;
			productName = SocialMediaTests;
			productReference = CF41E58A1E7432DC0045CEB6 /* SocialMediaTests.xctest */;
			productType = "com.apple.product-type.bundle.unit-test";
		};
		CF41E5941E7432DC0045CEB6 /* SocialMediaUITests */ = {
			isa = PBXNativeTarget;
			buildConfigurationList = CF41E5A41E7432DC0045CEB6 /* Build configuration list for PBXNativeTarget "SocialMediaUITests" */;
			buildPhases = (
				90C8C78E394B10C6B8D48B9E /* [CP] Check Pods Manifest.lock */,
				CF41E5911E7432DC0045CEB6 /* Sources */,
				CF41E5921E7432DC0045CEB6 /* Frameworks */,
				CF41E5931E7432DC0045CEB6 /* Resources */,
				FEEB799E996BD3DE9C3377FC /* [CP] Embed Pods Frameworks */,
				AFDC1B362F06D07E26B7AB5C /* [CP] Copy Pods Resources */,
			);
			buildRules = (
			);
			dependencies = (
				CF41E5971E7432DC0045CEB6 /* PBXTargetDependency */,
			);
			name = SocialMediaUITests;
			productName = SocialMediaUITests;
			productReference = CF41E5951E7432DC0045CEB6 /* SocialMediaUITests.xctest */;
			productType = "com.apple.product-type.bundle.ui-testing";
		};
/* End PBXNativeTarget section */

/* Begin PBXProject section */
		CF41E56E1E7432D90045CEB6 /* Project object */ = {
			isa = PBXProject;
			attributes = {
				LastSwiftUpdateCheck = 0830;
				LastUpgradeCheck = 0830;
				ORGANIZATIONNAME = "Trevor Rose";
				TargetAttributes = {
					CF41E5751E7432D90045CEB6 = {
						CreatedOnToolsVersion = 8.3;
						DevelopmentTeam = 9F5M35K84C;
						ProvisioningStyle = Automatic;
						SystemCapabilities = {
							com.apple.Keychain = {
								enabled = 1;
							};
						};
					};
					CF41E5891E7432DC0045CEB6 = {
						CreatedOnToolsVersion = 8.3;
						DevelopmentTeam = 9F5M35K84C;
						ProvisioningStyle = Automatic;
						TestTargetID = CF41E5751E7432D90045CEB6;
					};
					CF41E5941E7432DC0045CEB6 = {
						CreatedOnToolsVersion = 8.3;
						DevelopmentTeam = 9F5M35K84C;
						ProvisioningStyle = Automatic;
						TestTargetID = CF41E5751E7432D90045CEB6;
					};
				};
			};
			buildConfigurationList = CF41E5711E7432D90045CEB6 /* Build configuration list for PBXProject "SocialMedia" */;
			compatibilityVersion = "Xcode 3.2";
			developmentRegion = English;
			hasScannedForEncodings = 0;
			knownRegions = (
				en,
				Base,
			);
			mainGroup = CF41E56D1E7432D90045CEB6;
			productRefGroup = CF41E5771E7432DA0045CEB6 /* Products */;
			projectDirPath = "";
			projectRoot = "";
			targets = (
				CF41E5751E7432D90045CEB6 /* SocialMedia */,
				CF41E5891E7432DC0045CEB6 /* SocialMediaTests */,
				CF41E5941E7432DC0045CEB6 /* SocialMediaUITests */,
			);
		};
/* End PBXProject section */

/* Begin PBXResourcesBuildPhase section */
		CF41E5741E7432D90045CEB6 /* Resources */ = {
			isa = PBXResourcesBuildPhase;
			buildActionMask = 2147483647;
			files = (
				CF41E5841E7432DB0045CEB6 /* LaunchScreen.storyboard in Resources */,
				CF41E5A81E7432E70045CEB6 /* GoogleService-Info.plist in Resources */,
				CF41E5811E7432DB0045CEB6 /* Assets.xcassets in Resources */,
				CF41497B1E7F0B04005CC7DB /* Main.storyboard in Resources */,
			);
			runOnlyForDeploymentPostprocessing = 0;
		};
		CF41E5881E7432DC0045CEB6 /* Resources */ = {
			isa = PBXResourcesBuildPhase;
			buildActionMask = 2147483647;
			files = (
			);
			runOnlyForDeploymentPostprocessing = 0;
		};
		CF41E5931E7432DC0045CEB6 /* Resources */ = {
			isa = PBXResourcesBuildPhase;
			buildActionMask = 2147483647;
			files = (
			);
			runOnlyForDeploymentPostprocessing = 0;
		};
/* End PBXResourcesBuildPhase section */

/* Begin PBXShellScriptBuildPhase section */
		02CFEE364B867C086AE53F8E /* [CP] Copy Pods Resources */ = {
			isa = PBXShellScriptBuildPhase;
			buildActionMask = 2147483647;
			files = (
			);
			inputPaths = (
			);
			name = "[CP] Copy Pods Resources";
			outputPaths = (
			);
			runOnlyForDeploymentPostprocessing = 0;
			shellPath = /bin/sh;
			shellScript = "\"${SRCROOT}/Pods/Target Support Files/Pods-SocialMediaTests/Pods-SocialMediaTests-resources.sh\"\n";
			showEnvVarsInLog = 0;
		};
		4461B47E1E46D08344E310CB /* [CP] Check Pods Manifest.lock */ = {
			isa = PBXShellScriptBuildPhase;
			buildActionMask = 2147483647;
			files = (
			);
			inputPaths = (
			);
			name = "[CP] Check Pods Manifest.lock";
			outputPaths = (
			);
			runOnlyForDeploymentPostprocessing = 0;
			shellPath = /bin/sh;
			shellScript = "diff \"${PODS_ROOT}/../Podfile.lock\" \"${PODS_ROOT}/Manifest.lock\" > /dev/null\nif [ $? != 0 ] ; then\n    # print error to STDERR\n    echo \"error: The sandbox is not in sync with the Podfile.lock. Run 'pod install' or update your CocoaPods installation.\" >&2\n    exit 1\nfi\n";
			showEnvVarsInLog = 0;
		};
		90C8C78E394B10C6B8D48B9E /* [CP] Check Pods Manifest.lock */ = {
			isa = PBXShellScriptBuildPhase;
			buildActionMask = 2147483647;
			files = (
			);
			inputPaths = (
			);
			name = "[CP] Check Pods Manifest.lock";
			outputPaths = (
			);
			runOnlyForDeploymentPostprocessing = 0;
			shellPath = /bin/sh;
			shellScript = "diff \"${PODS_ROOT}/../Podfile.lock\" \"${PODS_ROOT}/Manifest.lock\" > /dev/null\nif [ $? != 0 ] ; then\n    # print error to STDERR\n    echo \"error: The sandbox is not in sync with the Podfile.lock. Run 'pod install' or update your CocoaPods installation.\" >&2\n    exit 1\nfi\n";
			showEnvVarsInLog = 0;
		};
		A0D057DDD9F33995EE5E6B50 /* [CP] Copy Pods Resources */ = {
			isa = PBXShellScriptBuildPhase;
			buildActionMask = 2147483647;
			files = (
			);
			inputPaths = (
			);
			name = "[CP] Copy Pods Resources";
			outputPaths = (
			);
			runOnlyForDeploymentPostprocessing = 0;
			shellPath = /bin/sh;
			shellScript = "\"${SRCROOT}/Pods/Target Support Files/Pods-SocialMedia/Pods-SocialMedia-resources.sh\"\n";
			showEnvVarsInLog = 0;
		};
		AB19C5DF9DD51AAFA684942B /* [CP] Check Pods Manifest.lock */ = {
			isa = PBXShellScriptBuildPhase;
			buildActionMask = 2147483647;
			files = (
			);
			inputPaths = (
			);
			name = "[CP] Check Pods Manifest.lock";
			outputPaths = (
			);
			runOnlyForDeploymentPostprocessing = 0;
			shellPath = /bin/sh;
			shellScript = "diff \"${PODS_ROOT}/../Podfile.lock\" \"${PODS_ROOT}/Manifest.lock\" > /dev/null\nif [ $? != 0 ] ; then\n    # print error to STDERR\n    echo \"error: The sandbox is not in sync with the Podfile.lock. Run 'pod install' or update your CocoaPods installation.\" >&2\n    exit 1\nfi\n";
			showEnvVarsInLog = 0;
		};
		AFDC1B362F06D07E26B7AB5C /* [CP] Copy Pods Resources */ = {
			isa = PBXShellScriptBuildPhase;
			buildActionMask = 2147483647;
			files = (
			);
			inputPaths = (
			);
			name = "[CP] Copy Pods Resources";
			outputPaths = (
			);
			runOnlyForDeploymentPostprocessing = 0;
			shellPath = /bin/sh;
			shellScript = "\"${SRCROOT}/Pods/Target Support Files/Pods-SocialMediaUITests/Pods-SocialMediaUITests-resources.sh\"\n";
			showEnvVarsInLog = 0;
		};
		DBBEB487CCD44D1E313EE209 /* [CP] Embed Pods Frameworks */ = {
			isa = PBXShellScriptBuildPhase;
			buildActionMask = 2147483647;
			files = (
			);
			inputPaths = (
			);
			name = "[CP] Embed Pods Frameworks";
			outputPaths = (
			);
			runOnlyForDeploymentPostprocessing = 0;
			shellPath = /bin/sh;
			shellScript = "\"${SRCROOT}/Pods/Target Support Files/Pods-SocialMediaTests/Pods-SocialMediaTests-frameworks.sh\"\n";
			showEnvVarsInLog = 0;
		};
		E1A2A6154E891C3CF4D1D31D /* [CP] Embed Pods Frameworks */ = {
			isa = PBXShellScriptBuildPhase;
			buildActionMask = 2147483647;
			files = (
			);
			inputPaths = (
			);
			name = "[CP] Embed Pods Frameworks";
			outputPaths = (
			);
			runOnlyForDeploymentPostprocessing = 0;
			shellPath = /bin/sh;
			shellScript = "\"${SRCROOT}/Pods/Target Support Files/Pods-SocialMedia/Pods-SocialMedia-frameworks.sh\"\n";
			showEnvVarsInLog = 0;
		};
		FEEB799E996BD3DE9C3377FC /* [CP] Embed Pods Frameworks */ = {
			isa = PBXShellScriptBuildPhase;
			buildActionMask = 2147483647;
			files = (
			);
			inputPaths = (
			);
			name = "[CP] Embed Pods Frameworks";
			outputPaths = (
			);
			runOnlyForDeploymentPostprocessing = 0;
			shellPath = /bin/sh;
			shellScript = "\"${SRCROOT}/Pods/Target Support Files/Pods-SocialMediaUITests/Pods-SocialMediaUITests-frameworks.sh\"\n";
			showEnvVarsInLog = 0;
		};
/* End PBXShellScriptBuildPhase section */

/* Begin PBXSourcesBuildPhase section */
		CF41E5721E7432D90045CEB6 /* Sources */ = {
			isa = PBXSourcesBuildPhase;
			buildActionMask = 2147483647;
			files = (
				CF0C25AE1E795EE200607BAA /* CircleBtn.swift in Sources */,
				CF03BB8B1E7892A600384D0C /* CircleView.swift in Sources */,
				CF19D1061E75D26900003FB2 /* FancyField.swift in Sources */,
				CF08D23D1E7A0B1D00075FE6 /* DataService.swift in Sources */,
				CF1192D51E7B42AF000181F8 /* Post.swift in Sources */,
				CF41E57C1E7432DB0045CEB6 /* SignInVC.swift in Sources */,
				CFCA3FF91E82EE9600EB0CBD /* usernameVC.swift in Sources */,
				CF19D1041E75CD0800003FB2 /* RoundButton.swift in Sources */,
				CFCA3FFB1E82FC7600EB0CBD /* Classes.swift in Sources */,
				CF19D1081E75D39800003FB2 /* FancyButton.swift in Sources */,
				CF2F1F061E780278006EE222 /* FeedVC.swift in Sources */,
				CF41E57A1E7432DA0045CEB6 /* AppDelegate.swift in Sources */,
				CF0C25B01E79623000607BAA /* PostCell.swift in Sources */,
				CF19D0FF1E75C9BD00003FB2 /* FancyView.swift in Sources */,
				CF19D1021E75CA5400003FB2 /* Constants.swift in Sources */,
			);
			runOnlyForDeploymentPostprocessing = 0;
		};
		CF41E5861E7432DC0045CEB6 /* Sources */ = {
			isa = PBXSourcesBuildPhase;
			buildActionMask = 2147483647;
			files = (
				CF41E58F1E7432DC0045CEB6 /* SocialMediaTests.swift in Sources */,
			);
			runOnlyForDeploymentPostprocessing = 0;
		};
		CF41E5911E7432DC0045CEB6 /* Sources */ = {
			isa = PBXSourcesBuildPhase;
			buildActionMask = 2147483647;
			files = (
				CF41E59A1E7432DC0045CEB6 /* SocialMediaUITests.swift in Sources */,
			);
			runOnlyForDeploymentPostprocessing = 0;
		};
/* End PBXSourcesBuildPhase section */

/* Begin PBXTargetDependency section */
		CF41E58C1E7432DC0045CEB6 /* PBXTargetDependency */ = {
			isa = PBXTargetDependency;
			target = CF41E5751E7432D90045CEB6 /* SocialMedia */;
			targetProxy = CF41E58B1E7432DC0045CEB6 /* PBXContainerItemProxy */;
		};
		CF41E5971E7432DC0045CEB6 /* PBXTargetDependency */ = {
			isa = PBXTargetDependency;
			target = CF41E5751E7432D90045CEB6 /* SocialMedia */;
			targetProxy = CF41E5961E7432DC0045CEB6 /* PBXContainerItemProxy */;
		};
/* End PBXTargetDependency section */

/* Begin PBXVariantGroup section */
		CF4149791E7F0B04005CC7DB /* Main.storyboard */ = {
			isa = PBXVariantGroup;
			children = (
				CF41497A1E7F0B04005CC7DB /* Base */,
			);
			name = Main.storyboard;
			sourceTree = "<group>";
		};
		CF41E5821E7432DB0045CEB6 /* LaunchScreen.storyboard */ = {
			isa = PBXVariantGroup;
			children = (
				CF41E5831E7432DB0045CEB6 /* Base */,
			);
			name = LaunchScreen.storyboard;
			sourceTree = "<group>";
		};
/* End PBXVariantGroup section */

/* Begin XCBuildConfiguration section */
		CF41E59C1E7432DC0045CEB6 /* Debug */ = {
			isa = XCBuildConfiguration;
			buildSettings = {
				ALWAYS_SEARCH_USER_PATHS = NO;
				CLANG_ANALYZER_NONNULL = YES;
				CLANG_ANALYZER_NUMBER_OBJECT_CONVERSION = YES_AGGRESSIVE;
				CLANG_CXX_LANGUAGE_STANDARD = "gnu++0x";
				CLANG_CXX_LIBRARY = "libc++";
				CLANG_ENABLE_MODULES = YES;
				CLANG_ENABLE_OBJC_ARC = YES;
				CLANG_WARN_BOOL_CONVERSION = YES;
				CLANG_WARN_CONSTANT_CONVERSION = YES;
				CLANG_WARN_DIRECT_OBJC_ISA_USAGE = YES_ERROR;
				CLANG_WARN_DOCUMENTATION_COMMENTS = YES;
				CLANG_WARN_EMPTY_BODY = YES;
				CLANG_WARN_ENUM_CONVERSION = YES;
				CLANG_WARN_INFINITE_RECURSION = YES;
				CLANG_WARN_INT_CONVERSION = YES;
				CLANG_WARN_OBJC_ROOT_CLASS = YES_ERROR;
				CLANG_WARN_SUSPICIOUS_MOVE = YES;
				CLANG_WARN_UNREACHABLE_CODE = YES;
				CLANG_WARN__DUPLICATE_METHOD_MATCH = YES;
				"CODE_SIGN_IDENTITY[sdk=iphoneos*]" = "iPhone Developer";
				COPY_PHASE_STRIP = NO;
				DEBUG_INFORMATION_FORMAT = dwarf;
				ENABLE_STRICT_OBJC_MSGSEND = YES;
				ENABLE_TESTABILITY = YES;
				GCC_C_LANGUAGE_STANDARD = gnu99;
				GCC_DYNAMIC_NO_PIC = NO;
				GCC_NO_COMMON_BLOCKS = YES;
				GCC_OPTIMIZATION_LEVEL = 0;
				GCC_PREPROCESSOR_DEFINITIONS = (
					"DEBUG=1",
					"$(inherited)",
				);
				GCC_WARN_64_TO_32_BIT_CONVERSION = YES;
				GCC_WARN_ABOUT_RETURN_TYPE = YES_ERROR;
				GCC_WARN_UNDECLARED_SELECTOR = YES;
				GCC_WARN_UNINITIALIZED_AUTOS = YES_AGGRESSIVE;
				GCC_WARN_UNUSED_FUNCTION = YES;
				GCC_WARN_UNUSED_VARIABLE = YES;
				IPHONEOS_DEPLOYMENT_TARGET = 10.3;
				MTL_ENABLE_DEBUG_INFO = YES;
				ONLY_ACTIVE_ARCH = YES;
				SDKROOT = iphoneos;
				SWIFT_ACTIVE_COMPILATION_CONDITIONS = DEBUG;
				SWIFT_OPTIMIZATION_LEVEL = "-Onone";
				TARGETED_DEVICE_FAMILY = "1,2";
			};
			name = Debug;
		};
		CF41E59D1E7432DC0045CEB6 /* Release */ = {
			isa = XCBuildConfiguration;
			buildSettings = {
				ALWAYS_SEARCH_USER_PATHS = NO;
				CLANG_ANALYZER_NONNULL = YES;
				CLANG_ANALYZER_NUMBER_OBJECT_CONVERSION = YES_AGGRESSIVE;
				CLANG_CXX_LANGUAGE_STANDARD = "gnu++0x";
				CLANG_CXX_LIBRARY = "libc++";
				CLANG_ENABLE_MODULES = YES;
				CLANG_ENABLE_OBJC_ARC = YES;
				CLANG_WARN_BOOL_CONVERSION = YES;
				CLANG_WARN_CONSTANT_CONVERSION = YES;
				CLANG_WARN_DIRECT_OBJC_ISA_USAGE = YES_ERROR;
				CLANG_WARN_DOCUMENTATION_COMMENTS = YES;
				CLANG_WARN_EMPTY_BODY = YES;
				CLANG_WARN_ENUM_CONVERSION = YES;
				CLANG_WARN_INFINITE_RECURSION = YES;
				CLANG_WARN_INT_CONVERSION = YES;
				CLANG_WARN_OBJC_ROOT_CLASS = YES_ERROR;
				CLANG_WARN_SUSPICIOUS_MOVE = YES;
				CLANG_WARN_UNREACHABLE_CODE = YES;
				CLANG_WARN__DUPLICATE_METHOD_MATCH = YES;
				"CODE_SIGN_IDENTITY[sdk=iphoneos*]" = "iPhone Developer";
				COPY_PHASE_STRIP = NO;
				DEBUG_INFORMATION_FORMAT = "dwarf-with-dsym";
				ENABLE_NS_ASSERTIONS = NO;
				ENABLE_STRICT_OBJC_MSGSEND = YES;
				GCC_C_LANGUAGE_STANDARD = gnu99;
				GCC_NO_COMMON_BLOCKS = YES;
				GCC_WARN_64_TO_32_BIT_CONVERSION = YES;
				GCC_WARN_ABOUT_RETURN_TYPE = YES_ERROR;
				GCC_WARN_UNDECLARED_SELECTOR = YES;
				GCC_WARN_UNINITIALIZED_AUTOS = YES_AGGRESSIVE;
				GCC_WARN_UNUSED_FUNCTION = YES;
				GCC_WARN_UNUSED_VARIABLE = YES;
				IPHONEOS_DEPLOYMENT_TARGET = 10.3;
				MTL_ENABLE_DEBUG_INFO = NO;
				SDKROOT = iphoneos;
				SWIFT_OPTIMIZATION_LEVEL = "-Owholemodule";
				TARGETED_DEVICE_FAMILY = "1,2";
				VALIDATE_PRODUCT = YES;
			};
			name = Release;
		};
		CF41E59F1E7432DC0045CEB6 /* Debug */ = {
			isa = XCBuildConfiguration;
			baseConfigurationReference = 34219F5A85DE8589D87F2943 /* Pods-SocialMedia.debug.xcconfig */;
			buildSettings = {
				ASSETCATALOG_COMPILER_APPICON_NAME = AppIcon;
				CODE_SIGN_ENTITLEMENTS = SocialMedia/SocialMedia.entitlements;
				"CODE_SIGN_IDENTITY[sdk=iphoneos*]" = "iPhone Developer";
				DEVELOPMENT_TEAM = 9F5M35K84C;
				FRAMEWORK_SEARCH_PATHS = (
					"$(inherited)",
					"$(PROJECT_DIR)/SocialMedia",
				);
				INFOPLIST_FILE = SocialMedia/Info.plist;
				IPHONEOS_DEPLOYMENT_TARGET = 9.0;
				LD_RUNPATH_SEARCH_PATHS = "$(inherited) @executable_path/Frameworks";
				PRODUCT_BUNDLE_IDENTIFIER = com.keyloftstudios.Streak;
				PRODUCT_NAME = "$(TARGET_NAME)";
				PROVISIONING_PROFILE_SPECIFIER = "";
				SWIFT_VERSION = 3.0;
			};
			name = Debug;
		};
		CF41E5A01E7432DC0045CEB6 /* Release */ = {
			isa = XCBuildConfiguration;
			baseConfigurationReference = 798F3CCA9E011762D6D9FEBD /* Pods-SocialMedia.release.xcconfig */;
			buildSettings = {
				ASSETCATALOG_COMPILER_APPICON_NAME = AppIcon;
				CODE_SIGN_ENTITLEMENTS = SocialMedia/SocialMedia.entitlements;
				"CODE_SIGN_IDENTITY[sdk=iphoneos*]" = "iPhone Developer";
				DEVELOPMENT_TEAM = 9F5M35K84C;
				FRAMEWORK_SEARCH_PATHS = (
					"$(inherited)",
					"$(PROJECT_DIR)/SocialMedia",
				);
				INFOPLIST_FILE = SocialMedia/Info.plist;
				IPHONEOS_DEPLOYMENT_TARGET = 9.0;
				LD_RUNPATH_SEARCH_PATHS = "$(inherited) @executable_path/Frameworks";
				PRODUCT_BUNDLE_IDENTIFIER = com.keyloftstudios.Streak;
				PRODUCT_NAME = "$(TARGET_NAME)";
				PROVISIONING_PROFILE_SPECIFIER = "";
				SWIFT_VERSION = 3.0;
			};
			name = Release;
		};
		CF41E5A21E7432DC0045CEB6 /* Debug */ = {
			isa = XCBuildConfiguration;
			baseConfigurationReference = 1C4B96F6E1039FA29E2B455E /* Pods-SocialMediaTests.debug.xcconfig */;
			buildSettings = {
				ALWAYS_EMBED_SWIFT_STANDARD_LIBRARIES = YES;
				BUNDLE_LOADER = "$(TEST_HOST)";
				DEVELOPMENT_TEAM = 9F5M35K84C;
				INFOPLIST_FILE = SocialMediaTests/Info.plist;
				LD_RUNPATH_SEARCH_PATHS = "$(inherited) @executable_path/Frameworks @loader_path/Frameworks";
				PRODUCT_BUNDLE_IDENTIFIER = com.keyloftstudios.SocialMediaTests;
				PRODUCT_NAME = "$(TARGET_NAME)";
				SWIFT_VERSION = 3.0;
				TEST_HOST = "$(BUILT_PRODUCTS_DIR)/SocialMedia.app/SocialMedia";
			};
			name = Debug;
		};
		CF41E5A31E7432DC0045CEB6 /* Release */ = {
			isa = XCBuildConfiguration;
			baseConfigurationReference = 2BD3652D82A295B64C460A89 /* Pods-SocialMediaTests.release.xcconfig */;
			buildSettings = {
				ALWAYS_EMBED_SWIFT_STANDARD_LIBRARIES = YES;
				BUNDLE_LOADER = "$(TEST_HOST)";
				DEVELOPMENT_TEAM = 9F5M35K84C;
				INFOPLIST_FILE = SocialMediaTests/Info.plist;
				LD_RUNPATH_SEARCH_PATHS = "$(inherited) @executable_path/Frameworks @loader_path/Frameworks";
				PRODUCT_BUNDLE_IDENTIFIER = com.keyloftstudios.SocialMediaTests;
				PRODUCT_NAME = "$(TARGET_NAME)";
				SWIFT_VERSION = 3.0;
				TEST_HOST = "$(BUILT_PRODUCTS_DIR)/SocialMedia.app/SocialMedia";
			};
			name = Release;
		};
		CF41E5A51E7432DC0045CEB6 /* Debug */ = {
			isa = XCBuildConfiguration;
			baseConfigurationReference = F00F62964E19E49AA9885E13 /* Pods-SocialMediaUITests.debug.xcconfig */;
			buildSettings = {
				ALWAYS_EMBED_SWIFT_STANDARD_LIBRARIES = YES;
				DEVELOPMENT_TEAM = 9F5M35K84C;
				INFOPLIST_FILE = SocialMediaUITests/Info.plist;
				LD_RUNPATH_SEARCH_PATHS = "$(inherited) @executable_path/Frameworks @loader_path/Frameworks";
				PRODUCT_BUNDLE_IDENTIFIER = com.keyloftstudios.SocialMediaUITests;
				PRODUCT_NAME = "$(TARGET_NAME)";
				SWIFT_VERSION = 3.0;
				TEST_TARGET_NAME = SocialMedia;
			};
			name = Debug;
		};
		CF41E5A61E7432DC0045CEB6 /* Release */ = {
			isa = XCBuildConfiguration;
			baseConfigurationReference = 9984F434008454294212575D /* Pods-SocialMediaUITests.release.xcconfig */;
			buildSettings = {
				ALWAYS_EMBED_SWIFT_STANDARD_LIBRARIES = YES;
				DEVELOPMENT_TEAM = 9F5M35K84C;
				INFOPLIST_FILE = SocialMediaUITests/Info.plist;
				LD_RUNPATH_SEARCH_PATHS = "$(inherited) @executable_path/Frameworks @loader_path/Frameworks";
				PRODUCT_BUNDLE_IDENTIFIER = com.keyloftstudios.SocialMediaUITests;
				PRODUCT_NAME = "$(TARGET_NAME)";
				SWIFT_VERSION = 3.0;
				TEST_TARGET_NAME = SocialMedia;
			};
			name = Release;
		};
/* End XCBuildConfiguration section */

/* Begin XCConfigurationList section */
		CF41E5711E7432D90045CEB6 /* Build configuration list for PBXProject "SocialMedia" */ = {
			isa = XCConfigurationList;
			buildConfigurations = (
				CF41E59C1E7432DC0045CEB6 /* Debug */,
				CF41E59D1E7432DC0045CEB6 /* Release */,
			);
			defaultConfigurationIsVisible = 0;
			defaultConfigurationName = Release;
		};
		CF41E59E1E7432DC0045CEB6 /* Build configuration list for PBXNativeTarget "SocialMedia" */ = {
			isa = XCConfigurationList;
			buildConfigurations = (
				CF41E59F1E7432DC0045CEB6 /* Debug */,
				CF41E5A01E7432DC0045CEB6 /* Release */,
			);
			defaultConfigurationIsVisible = 0;
			defaultConfigurationName = Release;
		};
		CF41E5A11E7432DC0045CEB6 /* Build configuration list for PBXNativeTarget "SocialMediaTests" */ = {
			isa = XCConfigurationList;
			buildConfigurations = (
				CF41E5A21E7432DC0045CEB6 /* Debug */,
				CF41E5A31E7432DC0045CEB6 /* Release */,
			);
			defaultConfigurationIsVisible = 0;
			defaultConfigurationName = Release;
		};
		CF41E5A41E7432DC0045CEB6 /* Build configuration list for PBXNativeTarget "SocialMediaUITests" */ = {
			isa = XCConfigurationList;
			buildConfigurations = (
				CF41E5A51E7432DC0045CEB6 /* Debug */,
				CF41E5A61E7432DC0045CEB6 /* Release */,
			);
			defaultConfigurationIsVisible = 0;
			defaultConfigurationName = Release;
		};
/* End XCConfigurationList section */
	};
	rootObject = CF41E56E1E7432D90045CEB6 /* Project object */;
}
